
Microsoft Visual Studio Solution File, Format Version 12.00
# Visual Studio Version 17
VisualStudioVersion = 17.4.33213.308
MinimumVisualStudioVersion = 10.0.40219.1
Project("{9A19103F-16F7-4668-BE54-9A1E7A4F7556}") = "Statements", "Statements\Statements.csproj", "{7EFAB730-8B23-46AE-A7DC-5691A57DA2B8}"
EndProject
Project("{9A19103F-16F7-4668-BE54-9A1E7A4F7556}") = "Loops", "Loops\Loops.csproj", "{88F7E03B-9F40-48D4-943B-C5CB7F33820E}"
EndProject
Project("{9A19103F-16F7-4668-BE54-9A1E7A4F7556}") = "DataTypes", "DataTypes\DataTypes.csproj", "{EE7FBF2D-5E23-47C9-B590-1D8C0A6F82CA}"
EndProject
Project("{9A19103F-16F7-4668-BE54-9A1E7A4F7556}") = "HelloWorld", "HelloWorld\HelloWorld.csproj", "{4E2DF9BA-90C2-43AF-9C86-FFA4AD37733D}"
EndProject
Project("{9A19103F-16F7-4668-BE54-9A1E7A4F7556}") = "Operators", "Operators\Operators.csproj", "{BFFB1A2F-B8B4-4704-A217-B66E76E58AF6}"
EndProject
Project("{9A19103F-16F7-4668-BE54-9A1E7A4F7556}") = "Variables", "Variables\Variables.csproj", "{09F39510-09BE-426F-A04E-D3CE9223EFCE}"
EndProject
Project("{9A19103F-16F7-4668-BE54-9A1E7A4F7556}") = "Sample1", "Sample1\Sample1.csproj", "{DA41EA44-CF91-4C86-A5FD-D4519AB2D52B}"
EndProject
Project("{9A19103F-16F7-4668-BE54-9A1E7A4F7556}") = "JumpStatements", "JumpStatements\JumpStatements.csproj", "{4CD74731-10EF-4671-8EFC-96DA5C4D754A}"
EndProject
Project("{9A19103F-16F7-4668-BE54-9A1E7A4F7556}") = "Methods", "Methods\Methods.csproj", "{4D134FE3-3FA1-40EA-A3AC-AD3C7B5BBF68}"
EndProject
Project("{9A19103F-16F7-4668-BE54-9A1E7A4F7556}") = "MethodParameters", "MethodParameters\MethodParameters.csproj", "{6FFEA06B-F3B2-477B-ACEC-6C4C12DD0A3F}"
EndProject
Project("{9A19103F-16F7-4668-BE54-9A1E7A4F7556}") = "ClassesAndObjects", "ClassesAndObjects\ClassesAndObjects.csproj", "{DC502691-8149-44D2-AD55-8C2272305834}"
EndProject
Project("{2150E333-8FDC-42A3-9474-1A3956D46DE8}") = "Group1", "Group1", "{87F8A2DE-1CFA-4EEA-BCA3-00EE5D0B6819}"
EndProject
Project("{2150E333-8FDC-42A3-9474-1A3956D46DE8}") = "Group2", "Group2", "{FABD2C39-2006-48B7-B24E-FCC04FCEFAD1}"
EndProject
Project("{2150E333-8FDC-42A3-9474-1A3956D46DE8}") = "Samples", "Samples", "{3A8345C2-68BA-49CC-9D70-6C7132A1BA9B}"
EndProject
Project("{FAE04EC0-301F-11D3-BF4B-00C04F79EFBC}") = "Arrays", "Arrays\Arrays.csproj", "{5FF7A3A3-28CB-4CA9-80E9-0D4187F2451C}"
EndProject
Project("{2150E333-8FDC-42A3-9474-1A3956D46DE8}") = "Group3", "Group3", "{F7A69A93-0A08-4A07-B026-D7B70DA0537A}"
EndProject
Project("{2150E333-8FDC-42A3-9474-1A3956D46DE8}") = "Group4", "Group4", "{C6AB7FC7-9A9E-4AB5-A78C-1EE6582630BE}"
EndProject
Project("{FAE04EC0-301F-11D3-BF4B-00C04F79EFBC}") = "Lists", "Lists\Lists.csproj", "{FBF32E48-B8D8-4FF2-AF6F-3C910A560442}"
EndProject
Project("{2150E333-8FDC-42A3-9474-1A3956D46DE8}") = "_data", "_data", "{02EA681E-C7D8-13C7-8484-4AC65E1B71E8}"
	ProjectSection(SolutionItems) = preProject
		..\_MAAT04\LogAnalyzer\logs\logs.txt = ..\_MAAT04\LogAnalyzer\logs\logs.txt
	EndProjectSection
EndProject
Project("{2150E333-8FDC-42A3-9474-1A3956D46DE8}") = "Exercise", "Exercise", "{F4745AC9-E49C-4242-A9BF-40AB1A5DE192}"
EndProject
Project("{FAE04EC0-301F-11D3-BF4B-00C04F79EFBC}") = "AreaPerimeter", "AreaPerimeter\AreaPerimeter.csproj", "{19EE89F9-FFE7-4906-9427-4D32EC5B118D}"
EndProject
Project("{FAE04EC0-301F-11D3-BF4B-00C04F79EFBC}") = "SortList", "SortList\SortList.csproj", "{E6A70067-46F6-42A1-B5E7-6A8AB0FEAD9C}"
EndProject
Project("{FAE04EC0-301F-11D3-BF4B-00C04F79EFBC}") = "FileReader", "FileReader\FileReader.csproj", "{0F71F749-C02E-40B8-A3A3-D9AA28B1DDF3}"
EndProject
Project("{FAE04EC0-301F-11D3-BF4B-00C04F79EFBC}") = "LogAnalyzer", "LogAnalyzer\LogAnalyzer.csproj", "{95E536A5-BE25-C3B8-E6BF-60AE722F1AFC}"
EndProject
Project("{FAE04EC0-301F-11D3-BF4B-00C04F79EFBC}") = "Sample2", "Sample2\Sample2.csproj", "{AD9A3B63-DDE4-46B7-8A17-B59A26041847}"
EndProject
Global
	GlobalSection(SolutionConfigurationPlatforms) = preSolution
		Debug|Any CPU = Debug|Any CPU
		Release|Any CPU = Release|Any CPU
	EndGlobalSection
	GlobalSection(ProjectConfigurationPlatforms) = postSolution
		{7EFAB730-8B23-46AE-A7DC-5691A57DA2B8}.Debug|Any CPU.ActiveCfg = Debug|Any CPU
		{7EFAB730-8B23-46AE-A7DC-5691A57DA2B8}.Debug|Any CPU.Build.0 = Debug|Any CPU
		{7EFAB730-8B23-46AE-A7DC-5691A57DA2B8}.Release|Any CPU.ActiveCfg = Release|Any CPU
		{7EFAB730-8B23-46AE-A7DC-5691A57DA2B8}.Release|Any CPU.Build.0 = Release|Any CPU
		{88F7E03B-9F40-48D4-943B-C5CB7F33820E}.Debug|Any CPU.ActiveCfg = Debug|Any CPU
		{88F7E03B-9F40-48D4-943B-C5CB7F33820E}.Debug|Any CPU.Build.0 = Debug|Any CPU
		{88F7E03B-9F40-48D4-943B-C5CB7F33820E}.Release|Any CPU.ActiveCfg = Release|Any CPU
		{88F7E03B-9F40-48D4-943B-C5CB7F33820E}.Release|Any CPU.Build.0 = Release|Any CPU
		{EE7FBF2D-5E23-47C9-B590-1D8C0A6F82CA}.Debug|Any CPU.ActiveCfg = Debug|Any CPU
		{EE7FBF2D-5E23-47C9-B590-1D8C0A6F82CA}.Debug|Any CPU.Build.0 = Debug|Any CPU
		{EE7FBF2D-5E23-47C9-B590-1D8C0A6F82CA}.Release|Any CPU.ActiveCfg = Release|Any CPU
		{EE7FBF2D-5E23-47C9-B590-1D8C0A6F82CA}.Release|Any CPU.Build.0 = Release|Any CPU
		{4E2DF9BA-90C2-43AF-9C86-FFA4AD37733D}.Debug|Any CPU.ActiveCfg = Debug|Any CPU
		{4E2DF9BA-90C2-43AF-9C86-FFA4AD37733D}.Debug|Any CPU.Build.0 = Debug|Any CPU
		{4E2DF9BA-90C2-43AF-9C86-FFA4AD37733D}.Release|Any CPU.ActiveCfg = Release|Any CPU
		{4E2DF9BA-90C2-43AF-9C86-FFA4AD37733D}.Release|Any CPU.Build.0 = Release|Any CPU
		{BFFB1A2F-B8B4-4704-A217-B66E76E58AF6}.Debug|Any CPU.ActiveCfg = Debug|Any CPU
		{BFFB1A2F-B8B4-4704-A217-B66E76E58AF6}.Debug|Any CPU.Build.0 = Debug|Any CPU
		{BFFB1A2F-B8B4-4704-A217-B66E76E58AF6}.Release|Any CPU.ActiveCfg = Release|Any CPU
		{BFFB1A2F-B8B4-4704-A217-B66E76E58AF6}.Release|Any CPU.Build.0 = Release|Any CPU
		{09F39510-09BE-426F-A04E-D3CE9223EFCE}.Debug|Any CPU.ActiveCfg = Debug|Any CPU
		{09F39510-09BE-426F-A04E-D3CE9223EFCE}.Debug|Any CPU.Build.0 = Debug|Any CPU
		{09F39510-09BE-426F-A04E-D3CE9223EFCE}.Release|Any CPU.ActiveCfg = Release|Any CPU
		{09F39510-09BE-426F-A04E-D3CE9223EFCE}.Release|Any CPU.Build.0 = Release|Any CPU
		{DA41EA44-CF91-4C86-A5FD-D4519AB2D52B}.Debug|Any CPU.ActiveCfg = Debug|Any CPU
		{DA41EA44-CF91-4C86-A5FD-D4519AB2D52B}.Debug|Any CPU.Build.0 = Debug|Any CPU
		{DA41EA44-CF91-4C86-A5FD-D4519AB2D52B}.Release|Any CPU.ActiveCfg = Release|Any CPU
		{DA41EA44-CF91-4C86-A5FD-D4519AB2D52B}.Release|Any CPU.Build.0 = Release|Any CPU
		{4CD74731-10EF-4671-8EFC-96DA5C4D754A}.Debug|Any CPU.ActiveCfg = Debug|Any CPU
		{4CD74731-10EF-4671-8EFC-96DA5C4D754A}.Debug|Any CPU.Build.0 = Debug|Any CPU
		{4CD74731-10EF-4671-8EFC-96DA5C4D754A}.Release|Any CPU.ActiveCfg = Release|Any CPU
		{4CD74731-10EF-4671-8EFC-96DA5C4D754A}.Release|Any CPU.Build.0 = Release|Any CPU
		{4D134FE3-3FA1-40EA-A3AC-AD3C7B5BBF68}.Debug|Any CPU.ActiveCfg = Debug|Any CPU
		{4D134FE3-3FA1-40EA-A3AC-AD3C7B5BBF68}.Debug|Any CPU.Build.0 = Debug|Any CPU
		{4D134FE3-3FA1-40EA-A3AC-AD3C7B5BBF68}.Release|Any CPU.ActiveCfg = Release|Any CPU
		{4D134FE3-3FA1-40EA-A3AC-AD3C7B5BBF68}.Release|Any CPU.Build.0 = Release|Any CPU
		{6FFEA06B-F3B2-477B-ACEC-6C4C12DD0A3F}.Debug|Any CPU.ActiveCfg = Debug|Any CPU
		{6FFEA06B-F3B2-477B-ACEC-6C4C12DD0A3F}.Debug|Any CPU.Build.0 = Debug|Any CPU
		{6FFEA06B-F3B2-477B-ACEC-6C4C12DD0A3F}.Release|Any CPU.ActiveCfg = Release|Any CPU
		{6FFEA06B-F3B2-477B-ACEC-6C4C12DD0A3F}.Release|Any CPU.Build.0 = Release|Any CPU
		{DC502691-8149-44D2-AD55-8C2272305834}.Debug|Any CPU.ActiveCfg = Debug|Any CPU
		{DC502691-8149-44D2-AD55-8C2272305834}.Debug|Any CPU.Build.0 = Debug|Any CPU
		{DC502691-8149-44D2-AD55-8C2272305834}.Release|Any CPU.ActiveCfg = Release|Any CPU
		{DC502691-8149-44D2-AD55-8C2272305834}.Release|Any CPU.Build.0 = Release|Any CPU
		{5FF7A3A3-28CB-4CA9-80E9-0D4187F2451C}.Debug|Any CPU.ActiveCfg = Debug|Any CPU
		{5FF7A3A3-28CB-4CA9-80E9-0D4187F2451C}.Debug|Any CPU.Build.0 = Debug|Any CPU
		{5FF7A3A3-28CB-4CA9-80E9-0D4187F2451C}.Release|Any CPU.ActiveCfg = Release|Any CPU
		{5FF7A3A3-28CB-4CA9-80E9-0D4187F2451C}.Release|Any CPU.Build.0 = Release|Any CPU
		{FBF32E48-B8D8-4FF2-AF6F-3C910A560442}.Debug|Any CPU.ActiveCfg = Debug|Any CPU
		{FBF32E48-B8D8-4FF2-AF6F-3C910A560442}.Debug|Any CPU.Build.0 = Debug|Any CPU
		{FBF32E48-B8D8-4FF2-AF6F-3C910A560442}.Release|Any CPU.ActiveCfg = Release|Any CPU
		{FBF32E48-B8D8-4FF2-AF6F-3C910A560442}.Release|Any CPU.Build.0 = Release|Any CPU
		{19EE89F9-FFE7-4906-9427-4D32EC5B118D}.Debug|Any CPU.ActiveCfg = Debug|Any CPU
		{19EE89F9-FFE7-4906-9427-4D32EC5B118D}.Debug|Any CPU.Build.0 = Debug|Any CPU
		{19EE89F9-FFE7-4906-9427-4D32EC5B118D}.Release|Any CPU.ActiveCfg = Release|Any CPU
		{19EE89F9-FFE7-4906-9427-4D32EC5B118D}.Release|Any CPU.Build.0 = Release|Any CPU
		{E6A70067-46F6-42A1-B5E7-6A8AB0FEAD9C}.Debug|Any CPU.ActiveCfg = Debug|Any CPU
		{E6A70067-46F6-42A1-B5E7-6A8AB0FEAD9C}.Debug|Any CPU.Build.0 = Debug|Any CPU
		{E6A70067-46F6-42A1-B5E7-6A8AB0FEAD9C}.Release|Any CPU.ActiveCfg = Release|Any CPU
		{E6A70067-46F6-42A1-B5E7-6A8AB0FEAD9C}.Release|Any CPU.Build.0 = Release|Any CPU
		{0F71F749-C02E-40B8-A3A3-D9AA28B1DDF3}.Debug|Any CPU.ActiveCfg = Debug|Any CPU
		{0F71F749-C02E-40B8-A3A3-D9AA28B1DDF3}.Debug|Any CPU.Build.0 = Debug|Any CPU
		{0F71F749-C02E-40B8-A3A3-D9AA28B1DDF3}.Release|Any CPU.ActiveCfg = Release|Any CPU
		{0F71F749-C02E-40B8-A3A3-D9AA28B1DDF3}.Release|Any CPU.Build.0 = Release|Any CPU
		{95E536A5-BE25-C3B8-E6BF-60AE722F1AFC}.Debug|Any CPU.ActiveCfg = Debug|Any CPU
		{95E536A5-BE25-C3B8-E6BF-60AE722F1AFC}.Debug|Any CPU.Build.0 = Debug|Any CPU
		{95E536A5-BE25-C3B8-E6BF-60AE722F1AFC}.Release|Any CPU.ActiveCfg = Release|Any CPU
		{95E536A5-BE25-C3B8-E6BF-60AE722F1AFC}.Release|Any CPU.Build.0 = Release|Any CPU
		{AD9A3B63-DDE4-46B7-8A17-B59A26041847}.Debug|Any CPU.ActiveCfg = Debug|Any CPU
		{AD9A3B63-DDE4-46B7-8A17-B59A26041847}.Debug|Any CPU.Build.0 = Debug|Any CPU
		{AD9A3B63-DDE4-46B7-8A17-B59A26041847}.Release|Any CPU.ActiveCfg = Release|Any CPU
		{AD9A3B63-DDE4-46B7-8A17-B59A26041847}.Release|Any CPU.Build.0 = Release|Any CPU
	EndGlobalSection
	GlobalSection(SolutionProperties) = preSolution
		HideSolutionNode = FALSE
	EndGlobalSection
	GlobalSection(NestedProjects) = preSolution
		{7EFAB730-8B23-46AE-A7DC-5691A57DA2B8} = {FABD2C39-2006-48B7-B24E-FCC04FCEFAD1}
		{88F7E03B-9F40-48D4-943B-C5CB7F33820E} = {FABD2C39-2006-48B7-B24E-FCC04FCEFAD1}
		{EE7FBF2D-5E23-47C9-B590-1D8C0A6F82CA} = {87F8A2DE-1CFA-4EEA-BCA3-00EE5D0B6819}
		{4E2DF9BA-90C2-43AF-9C86-FFA4AD37733D} = {87F8A2DE-1CFA-4EEA-BCA3-00EE5D0B6819}
		{BFFB1A2F-B8B4-4704-A217-B66E76E58AF6} = {87F8A2DE-1CFA-4EEA-BCA3-00EE5D0B6819}
		{09F39510-09BE-426F-A04E-D3CE9223EFCE} = {87F8A2DE-1CFA-4EEA-BCA3-00EE5D0B6819}
		{DA41EA44-CF91-4C86-A5FD-D4519AB2D52B} = {3A8345C2-68BA-49CC-9D70-6C7132A1BA9B}
		{4CD74731-10EF-4671-8EFC-96DA5C4D754A} = {FABD2C39-2006-48B7-B24E-FCC04FCEFAD1}
		{4D134FE3-3FA1-40EA-A3AC-AD3C7B5BBF68} = {F7A69A93-0A08-4A07-B026-D7B70DA0537A}
		{6FFEA06B-F3B2-477B-ACEC-6C4C12DD0A3F} = {F7A69A93-0A08-4A07-B026-D7B70DA0537A}
		{DC502691-8149-44D2-AD55-8C2272305834} = {C6AB7FC7-9A9E-4AB5-A78C-1EE6582630BE}
		{5FF7A3A3-28CB-4CA9-80E9-0D4187F2451C} = {FABD2C39-2006-48B7-B24E-FCC04FCEFAD1}
		{FBF32E48-B8D8-4FF2-AF6F-3C910A560442} = {FABD2C39-2006-48B7-B24E-FCC04FCEFAD1}
		{19EE89F9-FFE7-4906-9427-4D32EC5B118D} = {F4745AC9-E49C-4242-A9BF-40AB1A5DE192}
		{E6A70067-46F6-42A1-B5E7-6A8AB0FEAD9C} = {F4745AC9-E49C-4242-A9BF-40AB1A5DE192}
		{0F71F749-C02E-40B8-A3A3-D9AA28B1DDF3} = {F4745AC9-E49C-4242-A9BF-40AB1A5DE192}
		{95E536A5-BE25-C3B8-E6BF-60AE722F1AFC} = {F4745AC9-E49C-4242-A9BF-40AB1A5DE192}
		{AD9A3B63-DDE4-46B7-8A17-B59A26041847} = {3A8345C2-68BA-49CC-9D70-6C7132A1BA9B}
	EndGlobalSection
	GlobalSection(ExtensibilityGlobals) = postSolution
		SolutionGuid = {69EDD2E0-1871-4AD2-8E66-C8BC997194B4}
	EndGlobalSection
EndGlobal
